dependencies:
- name: postgresql
  repository: https://charts.bitnami.com/bitnami
  version: 11.9.5
- name: redis
  repository: https://charts.bitnami.com/bitnami
  version: 17.3.1
digest: sha256:9689908f52e45237a6b6d4035aa4ca12902d11f8ecbbd8c03f82e6e528345339
generated: "2022-09-30T16:48:01.287451151+02:00"
