dependencies:
- name: beanstalkd
  repository: https://strimoid.github.io/helm-charts/
  version: 1.0.0
- name: postgresql
  repository: https://kubernetes-charts.storage.googleapis.com/
  version: 3.11.7
- name: redis
  repository: https://kubernetes-charts.storage.googleapis.com/
  version: 6.1.4
digest: sha256:b6a24cee79c0c8937264a682ad420472034c21f56e933510eb55823705668213
generated: "2019-12-14T14:21:37.9076272+01:00"
